// !$*UTF8*$!
{
	archiveVersion = 1;
	classes = {
	};
	objectVersion = 46;
	objects = {

/* Begin PBXBuildFile section */
		9415B4701C0738CF00BD9AED /* DynamicButtonProtocol.swift in Sources */ = {isa = PBXBuildFile; fileRef = 9415B46F1C0738CF00BD9AED /* DynamicButtonProtocol.swift */; };
		9442B3A31C04975B0016EE5B /* AppDelegate.swift in Sources */ = {isa = PBXBuildFile; fileRef = 9442B3A21C04975B0016EE5B /* AppDelegate.swift */; };
		9442B3A51C04975B0016EE5B /* ViewController.swift in Sources */ = {isa = PBXBuildFile; fileRef = 9442B3A41C04975B0016EE5B /* ViewController.swift */; };
		9442B3A81C04975B0016EE5B /* Main.storyboard in Resources */ = {isa = PBXBuildFile; fileRef = 9442B3A61C04975B0016EE5B /* Main.storyboard */; };
		9442B3AA1C04975B0016EE5B /* Assets.xcassets in Resources */ = {isa = PBXBuildFile; fileRef = 9442B3A91C04975B0016EE5B /* Assets.xcassets */; };
		9442B3AD1C04975B0016EE5B /* LaunchScreen.storyboard in Resources */ = {isa = PBXBuildFile; fileRef = 9442B3AB1C04975B0016EE5B /* LaunchScreen.storyboard */; };
		9442B3B81C04975B0016EE5B /* addButtonDynamicsTests.swift in Sources */ = {isa = PBXBuildFile; fileRef = 9442B3B71C04975B0016EE5B /* addButtonDynamicsTests.swift */; };
		9442B3C31C04975B0016EE5B /* addButtonDynamicsUITests.swift in Sources */ = {isa = PBXBuildFile; fileRef = 9442B3C21C04975B0016EE5B /* addButtonDynamicsUITests.swift */; };
		94747C221C04EDD00005FA94 /* RoundedButton.swift in Sources */ = {isa = PBXBuildFile; fileRef = 94747C211C04EDD00005FA94 /* RoundedButton.swift */; };
		947A51B41C065A660046981E /* ButtonCapsule.swift in Sources */ = {isa = PBXBuildFile; fileRef = 947A51B31C065A660046981E /* ButtonCapsule.swift */; };
		94A967CF1C0A6B49005EE90E /* Button1.png in Resources */ = {isa = PBXBuildFile; fileRef = 94A967CD1C0A6B49005EE90E /* Button1.png */; };
		94A967D01C0A6B49005EE90E /* Button3.png in Resources */ = {isa = PBXBuildFile; fileRef = 94A967CE1C0A6B49005EE90E /* Button3.png */; };
		94CEFAE51C06237600034172 /* SnapPoint.swift in Sources */ = {isa = PBXBuildFile; fileRef = 94CEFAE41C06237600034172 /* SnapPoint.swift */; };
/* End PBXBuildFile section */

/* Begin PBXContainerItemProxy section */
		9442B3B41C04975B0016EE5B /* PBXContainerItemProxy */ = {
			isa = PBXContainerItemProxy;
			containerPortal = 9442B3971C04975B0016EE5B /* Project object */;
			proxyType = 1;
			remoteGlobalIDString = 9442B39E1C04975B0016EE5B;
			remoteInfo = addButtonDynamics;
		};
		9442B3BF1C04975B0016EE5B /* PBXContainerItemProxy */ = {
			isa = PBXContainerItemProxy;
			containerPortal = 9442B3971C04975B0016EE5B /* Project object */;
			proxyType = 1;
			remoteGlobalIDString = 9442B39E1C04975B0016EE5B;
			remoteInfo = addButtonDynamics;
		};
/* End PBXContainerItemProxy section */

/* Begin PBXFileReference section */
		9415B46F1C0738CF00BD9AED /* DynamicButtonProtocol.swift */ = {isa = PBXFileReference; fileEncoding = 4; lastKnownFileType = sourcecode.swift; path = DynamicButtonProtocol.swift; sourceTree = "<group>"; };
		9442B39F1C04975B0016EE5B /* addButtonDynamics.app */ = {isa = PBXFileReference; explicitFileType = wrapper.application; includeInIndex = 0; path = addButtonDynamics.app; sourceTree = BUILT_PRODUCTS_DIR; };
		9442B3A21C04975B0016EE5B /* AppDelegate.swift */ = {isa = PBXFileReference; lastKnownFileType = sourcecode.swift; path = AppDelegate.swift; sourceTree = "<group>"; };
		9442B3A41C04975B0016EE5B /* ViewController.swift */ = {isa = PBXFileReference; lastKnownFileType = sourcecode.swift; path = ViewController.swift; sourceTree = "<group>"; };
		9442B3A71C04975B0016EE5B /* Base */ = {isa = PBXFileReference; lastKnownFileType = file.storyboard; name = Base; path = Base.lproj/Main.storyboard; sourceTree = "<group>"; };
		9442B3A91C04975B0016EE5B /* Assets.xcassets */ = {isa = PBXFileReference; lastKnownFileType = folder.assetcatalog; path = Assets.xcassets; sourceTree = "<group>"; };
		9442B3AC1C04975B0016EE5B /* Base */ = {isa = PBXFileReference; lastKnownFileType = file.storyboard; name = Base; path = Base.lproj/LaunchScreen.storyboard; sourceTree = "<group>"; };
		9442B3AE1C04975B0016EE5B /* Info.plist */ = {isa = PBXFileReference; lastKnownFileType = text.plist.xml; path = Info.plist; sourceTree = "<group>"; };
		9442B3B31C04975B0016EE5B /* addButtonDynamicsTests.xctest */ = {isa = PBXFileReference; explicitFileType = wrapper.cfbundle; includeInIndex = 0; path = addButtonDynamicsTests.xctest; sourceTree = BUILT_PRODUCTS_DIR; };
		9442B3B71C04975B0016EE5B /* addButtonDynamicsTests.swift */ = {isa = PBXFileReference; lastKnownFileType = sourcecode.swift; path = addButtonDynamicsTests.swift; sourceTree = "<group>"; };
		9442B3B91C04975B0016EE5B /* Info.plist */ = {isa = PBXFileReference; lastKnownFileType = text.plist.xml; path = Info.plist; sourceTree = "<group>"; };
		9442B3BE1C04975B0016EE5B /* addButtonDynamicsUITests.xctest */ = {isa = PBXFileReference; explicitFileType = wrapper.cfbundle; includeInIndex = 0; path = addButtonDynamicsUITests.xctest; sourceTree = BUILT_PRODUCTS_DIR; };
		9442B3C21C04975B0016EE5B /* addButtonDynamicsUITests.swift */ = {isa = PBXFileReference; lastKnownFileType = sourcecode.swift; path = addButtonDynamicsUITests.swift; sourceTree = "<group>"; };
		9442B3C41C04975B0016EE5B /* Info.plist */ = {isa = PBXFileReference; lastKnownFileType = text.plist.xml; path = Info.plist; sourceTree = "<group>"; };
		94747C211C04EDD00005FA94 /* RoundedButton.swift */ = {isa = PBXFileReference; fileEncoding = 4; lastKnownFileType = sourcecode.swift; path = RoundedButton.swift; sourceTree = "<group>"; };
		947A51B31C065A660046981E /* ButtonCapsule.swift */ = {isa = PBXFileReference; fileEncoding = 4; lastKnownFileType = sourcecode.swift; path = ButtonCapsule.swift; sourceTree = "<group>"; };
		94A967CD1C0A6B49005EE90E /* Button1.png */ = {isa = PBXFileReference; lastKnownFileType = image.png; path = Button1.png; sourceTree = "<group>"; };
		94A967CE1C0A6B49005EE90E /* Button3.png */ = {isa = PBXFileReference; lastKnownFileType = image.png; path = Button3.png; sourceTree = "<group>"; };
		94CEFAE41C06237600034172 /* SnapPoint.swift */ = {isa = PBXFileReference; fileEncoding = 4; lastKnownFileType = sourcecode.swift; path = SnapPoint.swift; sourceTree = "<group>"; };
/* End PBXFileReference section */

/* Begin PBXFrameworksBuildPhase section */
		9442B39C1C04975B0016EE5B /* Frameworks */ = {
			isa = PBXFrameworksBuildPhase;
			buildActionMask = 2147483647;
			files = (
			);
			runOnlyForDeploymentPostprocessing = 0;
		};
		9442B3B01C04975B0016EE5B /* Frameworks */ = {
			isa = PBXFrameworksBuildPhase;
			buildActionMask = 2147483647;
			files = (
			);
			runOnlyForDeploymentPostprocessing = 0;
		};
		9442B3BB1C04975B0016EE5B /* Frameworks */ = {
			isa = PBXFrameworksBuildPhase;
			buildActionMask = 2147483647;
			files = (
			);
			runOnlyForDeploymentPostprocessing = 0;
		};
/* End PBXFrameworksBuildPhase section */

/* Begin PBXGroup section */
		9442B3961C04975B0016EE5B = {
			isa = PBXGroup;
			children = (
				9442B3A11C04975B0016EE5B /* addButtonDynamics */,
				9442B3B61C04975B0016EE5B /* addButtonDynamicsTests */,
				9442B3C11C04975B0016EE5B /* addButtonDynamicsUITests */,
				9442B3A01C04975B0016EE5B /* Products */,
			);
			sourceTree = "<group>";
		};
		9442B3A01C04975B0016EE5B /* Products */ = {
			isa = PBXGroup;
			children = (
				9442B39F1C04975B0016EE5B /* addButtonDynamics.app */,
				9442B3B31C04975B0016EE5B /* addButtonDynamicsTests.xctest */,
				9442B3BE1C04975B0016EE5B /* addButtonDynamicsUITests.xctest */,
			);
			name = Products;
			sourceTree = "<group>";
		};
		9442B3A11C04975B0016EE5B /* addButtonDynamics */ = {
			isa = PBXGroup;
			children = (
				94A967CD1C0A6B49005EE90E /* Button1.png */,
				94A967CE1C0A6B49005EE90E /* Button3.png */,
				9442B3A21C04975B0016EE5B /* AppDelegate.swift */,
				9442B3A41C04975B0016EE5B /* ViewController.swift */,
				947A51B31C065A660046981E /* ButtonCapsule.swift */,
				94747C211C04EDD00005FA94 /* RoundedButton.swift */,
				94CEFAE41C06237600034172 /* SnapPoint.swift */,
				9415B46F1C0738CF00BD9AED /* DynamicButtonProtocol.swift */,
				9442B3A61C04975B0016EE5B /* Main.storyboard */,
				9442B3A91C04975B0016EE5B /* Assets.xcassets */,
				9442B3AB1C04975B0016EE5B /* LaunchScreen.storyboard */,
				9442B3AE1C04975B0016EE5B /* Info.plist */,
			);
			path = addButtonDynamics;
			sourceTree = "<group>";
		};
		9442B3B61C04975B0016EE5B /* addButtonDynamicsTests */ = {
			isa = PBXGroup;
			children = (
				9442B3B71C04975B0016EE5B /* addButtonDynamicsTests.swift */,
				9442B3B91C04975B0016EE5B /* Info.plist */,
			);
			path = addButtonDynamicsTests;
			sourceTree = "<group>";
		};
		9442B3C11C04975B0016EE5B /* addButtonDynamicsUITests */ = {
			isa = PBXGroup;
			children = (
				9442B3C21C04975B0016EE5B /* addButtonDynamicsUITests.swift */,
				9442B3C41C04975B0016EE5B /* Info.plist */,
			);
			path = addButtonDynamicsUITests;
			sourceTree = "<group>";
		};
/* End PBXGroup section */

/* Begin PBXNativeTarget section */
		9442B39E1C04975B0016EE5B /* addButtonDynamics */ = {
			isa = PBXNativeTarget;
			buildConfigurationList = 9442B3C71C04975B0016EE5B /* Build configuration list for PBXNativeTarget "addButtonDynamics" */;
			buildPhases = (
				9442B39B1C04975B0016EE5B /* Sources */,
				9442B39C1C04975B0016EE5B /* Frameworks */,
				9442B39D1C04975B0016EE5B /* Resources */,
			);
			buildRules = (
			);
			dependencies = (
			);
			name = addButtonDynamics;
			productName = addButtonDynamics;
			productReference = 9442B39F1C04975B0016EE5B /* addButtonDynamics.app */;
			productType = "com.apple.product-type.application";
		};
		9442B3B21C04975B0016EE5B /* addButtonDynamicsTests */ = {
			isa = PBXNativeTarget;
			buildConfigurationList = 9442B3CA1C04975B0016EE5B /* Build configuration list for PBXNativeTarget "addButtonDynamicsTests" */;
			buildPhases = (
				9442B3AF1C04975B0016EE5B /* Sources */,
				9442B3B01C04975B0016EE5B /* Frameworks */,
				9442B3B11C04975B0016EE5B /* Resources */,
			);
			buildRules = (
			);
			dependencies = (
				9442B3B51C04975B0016EE5B /* PBXTargetDependency */,
			);
			name = addButtonDynamicsTests;
			productName = addButtonDynamicsTests;
			productReference = 9442B3B31C04975B0016EE5B /* addButtonDynamicsTests.xctest */;
			productType = "com.apple.product-type.bundle.unit-test";
		};
		9442B3BD1C04975B0016EE5B /* addButtonDynamicsUITests */ = {
			isa = PBXNativeTarget;
			buildConfigurationList = 9442B3CD1C04975B0016EE5B /* Build configuration list for PBXNativeTarget "addButtonDynamicsUITests" */;
			buildPhases = (
				9442B3BA1C04975B0016EE5B /* Sources */,
				9442B3BB1C04975B0016EE5B /* Frameworks */,
				9442B3BC1C04975B0016EE5B /* Resources */,
			);
			buildRules = (
			);
			dependencies = (
				9442B3C01C04975B0016EE5B /* PBXTargetDependency */,
			);
			name = addButtonDynamicsUITests;
			productName = addButtonDynamicsUITests;
			productReference = 9442B3BE1C04975B0016EE5B /* addButtonDynamicsUITests.xctest */;
			productType = "com.apple.product-type.bundle.ui-testing";
		};
/* End PBXNativeTarget section */

/* Begin PBXProject section */
		9442B3971C04975B0016EE5B /* Project object */ = {
			isa = PBXProject;
			attributes = {
				LastSwiftUpdateCheck = 0710;
				LastUpgradeCheck = 0710;
				ORGANIZATIONNAME = "Victor Souza";
				TargetAttributes = {
					9442B39E1C04975B0016EE5B = {
						CreatedOnToolsVersion = 7.1;
					};
					9442B3B21C04975B0016EE5B = {
						CreatedOnToolsVersion = 7.1;
						TestTargetID = 9442B39E1C04975B0016EE5B;
					};
					9442B3BD1C04975B0016EE5B = {
						CreatedOnToolsVersion = 7.1;
						TestTargetID = 9442B39E1C04975B0016EE5B;
					};
				};
			};
			buildConfigurationList = 9442B39A1C04975B0016EE5B /* Build configuration list for PBXProject "addButtonDynamics" */;
			compatibilityVersion = "Xcode 3.2";
			developmentRegion = English;
			hasScannedForEncodings = 0;
			knownRegions = (
				en,
				Base,
			);
			mainGroup = 9442B3961C04975B0016EE5B;
			productRefGroup = 9442B3A01C04975B0016EE5B /* Products */;
			projectDirPath = "";
			projectRoot = "";
			targets = (
				9442B39E1C04975B0016EE5B /* addButtonDynamics */,
				9442B3B21C04975B0016EE5B /* addButtonDynamicsTests */,
				9442B3BD1C04975B0016EE5B /* addButtonDynamicsUITests */,
			);
		};
/* End PBXProject section */

/* Begin PBXResourcesBuildPhase section */
		9442B39D1C04975B0016EE5B /* Resources */ = {
			isa = PBXResourcesBuildPhase;
			buildActionMask = 2147483647;
			files = (
				9442B3AD1C04975B0016EE5B /* LaunchScreen.storyboard in Resources */,
				94A967D01C0A6B49005EE90E /* Button3.png in Resources */,
				9442B3AA1C04975B0016EE5B /* Assets.xcassets in Resources */,
				9442B3A81C04975B0016EE5B /* Main.storyboard in Resources */,
				94A967CF1C0A6B49005EE90E /* Button1.png in Resources */,
			);
			runOnlyForDeploymentPostprocessing = 0;
		};
		9442B3B11C04975B0016EE5B /* Resources */ = {
			isa = PBXResourcesBuildPhase;
			buildActionMask = 2147483647;
			files = (
			);
			runOnlyForDeploymentPostprocessing = 0;
		};
		9442B3BC1C04975B0016EE5B /* Resources */ = {
			isa = PBXResourcesBuildPhase;
			buildActionMask = 2147483647;
			files = (
			);
			runOnlyForDeploymentPostprocessing = 0;
		};
/* End PBXResourcesBuildPhase section */

/* Begin PBXSourcesBuildPhase section */
		9442B39B1C04975B0016EE5B /* Sources */ = {
			isa = PBXSourcesBuildPhase;
			buildActionMask = 2147483647;
			files = (
				947A51B41C065A660046981E /* ButtonCapsule.swift in Sources */,
				9442B3A51C04975B0016EE5B /* ViewController.swift in Sources */,
				9442B3A31C04975B0016EE5B /* AppDelegate.swift in Sources */,
				94CEFAE51C06237600034172 /* SnapPoint.swift in Sources */,
				9415B4701C0738CF00BD9AED /* DynamicButtonProtocol.swift in Sources */,
				94747C221C04EDD00005FA94 /* RoundedButton.swift in Sources */,
			);
			runOnlyForDeploymentPostprocessing = 0;
		};
		9442B3AF1C04975B0016EE5B /* Sources */ = {
			isa = PBXSourcesBuildPhase;
			buildActionMask = 2147483647;
			files = (
				9442B3B81C04975B0016EE5B /* addButtonDynamicsTests.swift in Sources */,
			);
			runOnlyForDeploymentPostprocessing = 0;
		};
		9442B3BA1C04975B0016EE5B /* Sources */ = {
			isa = PBXSourcesBuildPhase;
			buildActionMask = 2147483647;
			files = (
				9442B3C31C04975B0016EE5B /* addButtonDynamicsUITests.swift in Sources */,
			);
			runOnlyForDeploymentPostprocessing = 0;
		};
/* End PBXSourcesBuildPhase section */

/* Begin PBXTargetDependency section */
		9442B3B51C04975B0016EE5B /* PBXTargetDependency */ = {
			isa = PBXTargetDependency;
			target = 9442B39E1C04975B0016EE5B /* addButtonDynamics */;
			targetProxy = 9442B3B41C04975B0016EE5B /* PBXContainerItemProxy */;
		};
		9442B3C01C04975B0016EE5B /* PBXTargetDependency */ = {
			isa = PBXTargetDependency;
			target = 9442B39E1C04975B0016EE5B /* addButtonDynamics */;
			targetProxy = 9442B3BF1C04975B0016EE5B /* PBXContainerItemProxy */;
		};
/* End PBXTargetDependency section */

/* Begin PBXVariantGroup section */
		9442B3A61C04975B0016EE5B /* Main.storyboard */ = {
			isa = PBXVariantGroup;
			children = (
				9442B3A71C04975B0016EE5B /* Base */,
			);
			name = Main.storyboard;
			sourceTree = "<group>";
		};
		9442B3AB1C04975B0016EE5B /* LaunchScreen.storyboard */ = {
			isa = PBXVariantGroup;
			children = (
				9442B3AC1C04975B0016EE5B /* Base */,
			);
			name = LaunchScreen.storyboard;
			sourceTree = "<group>";
		};
/* End PBXVariantGroup section */

/* Begin XCBuildConfiguration section */
		9442B3C51C04975B0016EE5B /* Debug */ = {
			isa = XCBuildConfiguration;
			buildSettings = {
				ALWAYS_SEARCH_USER_PATHS = NO;
				CLANG_CXX_LANGUAGE_STANDARD = "gnu++0x";
				CLANG_CXX_LIBRARY = "libc++";
				CLANG_ENABLE_MODULES = YES;
				CLANG_ENABLE_OBJC_ARC = YES;
				CLANG_WARN_BOOL_CONVERSION = YES;
				CLANG_WARN_CONSTANT_CONVERSION = YES;
				CLANG_WARN_DIRECT_OBJC_ISA_USAGE = YES_ERROR;
				CLANG_WARN_EMPTY_BODY = YES;
				CLANG_WARN_ENUM_CONVERSION = YES;
				CLANG_WARN_INT_CONVERSION = YES;
				CLANG_WARN_OBJC_ROOT_CLASS = YES_ERROR;
				CLANG_WARN_UNREACHABLE_CODE = YES;
				CLANG_WARN__DUPLICATE_METHOD_MATCH = YES;
				"CODE_SIGN_IDENTITY[sdk=iphoneos*]" = "iPhone Developer";
				COPY_PHASE_STRIP = NO;
				DEBUG_INFORMATION_FORMAT = dwarf;
				ENABLE_STRICT_OBJC_MSGSEND = YES;
				ENABLE_TESTABILITY = YES;
				GCC_C_LANGUAGE_STANDARD = gnu99;
				GCC_DYNAMIC_NO_PIC = NO;
				GCC_NO_COMMON_BLOCKS = YES;
				GCC_OPTIMIZATION_LEVEL = 0;
				GCC_PREPROCESSOR_DEFINITIONS = (
					"DEBUG=1",
					"$(inherited)",
				);
				GCC_WARN_64_TO_32_BIT_CONVERSION = YES;
				GCC_WARN_ABOUT_RETURN_TYPE = YES_ERROR;
				GCC_WARN_UNDECLARED_SELECTOR = YES;
				GCC_WARN_UNINITIALIZED_AUTOS = YES_AGGRESSIVE;
				GCC_WARN_UNUSED_FUNCTION = YES;
				GCC_WARN_UNUSED_VARIABLE = YES;
				IPHONEOS_DEPLOYMENT_TARGET = 9.1;
				MTL_ENABLE_DEBUG_INFO = YES;
				ONLY_ACTIVE_ARCH = YES;
				SDKROOT = iphoneos;
				SWIFT_OPTIMIZATION_LEVEL = "-Onone";
			};
			name = Debug;
		};
		9442B3C61C04975B0016EE5B /* Release */ = {
			isa = XCBuildConfiguration;
			buildSettings = {
				ALWAYS_SEARCH_USER_PATHS = NO;
				CLANG_CXX_LANGUAGE_STANDARD = "gnu++0x";
				CLANG_CXX_LIBRARY = "libc++";
				CLANG_ENABLE_MODULES = YES;
				CLANG_ENABLE_OBJC_ARC = YES;
				CLANG_WARN_BOOL_CONVERSION = YES;
				CLANG_WARN_CONSTANT_CONVERSION = YES;
				CLANG_WARN_DIRECT_OBJC_ISA_USAGE = YES_ERROR;
				CLANG_WARN_EMPTY_BODY = YES;
				CLANG_WARN_ENUM_CONVERSION = YES;
				CLANG_WARN_INT_CONVERSION = YES;
				CLANG_WARN_OBJC_ROOT_CLASS = YES_ERROR;
				CLANG_WARN_UNREACHABLE_CODE = YES;
				CLANG_WARN__DUPLICATE_METHOD_MATCH = YES;
				"CODE_SIGN_IDENTITY[sdk=iphoneos*]" = "iPhone Developer";
				COPY_PHASE_STRIP = NO;
				DEBUG_INFORMATION_FORMAT = "dwarf-with-dsym";
				ENABLE_NS_ASSERTIONS = NO;
				ENABLE_STRICT_OBJC_MSGSEND = YES;
				GCC_C_LANGUAGE_STANDARD = gnu99;
				GCC_NO_COMMON_BLOCKS = YES;
				GCC_WARN_64_TO_32_BIT_CONVERSION = YES;
				GCC_WARN_ABOUT_RETURN_TYPE = YES_ERROR;
				GCC_WARN_UNDECLARED_SELECTOR = YES;
				GCC_WARN_UNINITIALIZED_AUTOS = YES_AGGRESSIVE;
				GCC_WARN_UNUSED_FUNCTION = YES;
				GCC_WARN_UNUSED_VARIABLE = YES;
				IPHONEOS_DEPLOYMENT_TARGET = 9.1;
				MTL_ENABLE_DEBUG_INFO = NO;
				SDKROOT = iphoneos;
				VALIDATE_PRODUCT = YES;
			};
			name = Release;
		};
		9442B3C81C04975B0016EE5B /* Debug */ = {
			isa = XCBuildConfiguration;
			buildSettings = {
				ASSETCATALOG_COMPILER_APPICON_NAME = AppIcon;
				INFOPLIST_FILE = addButtonDynamics/Info.plist;
				LD_RUNPATH_SEARCH_PATHS = "$(inherited) @executable_path/Frameworks";
				PRODUCT_BUNDLE_IDENTIFIER = com.example.addButtonDynamics;
				PRODUCT_NAME = "$(TARGET_NAME)";
			};
			name = Debug;
		};
		9442B3C91C04975B0016EE5B /* Release */ = {
			isa = XCBuildConfiguration;
			buildSettings = {
				ASSETCATALOG_COMPILER_APPICON_NAME = AppIcon;
				INFOPLIST_FILE = addButtonDynamics/Info.plist;
				LD_RUNPATH_SEARCH_PATHS = "$(inherited) @executable_path/Frameworks";
				PRODUCT_BUNDLE_IDENTIFIER = com.example.addButtonDynamics;
				PRODUCT_NAME = "$(TARGET_NAME)";
			};
			name = Release;
		};
		9442B3CB1C04975B0016EE5B /* Debug */ = {
			isa = XCBuildConfiguration;
			buildSettings = {
				BUNDLE_LOADER = "$(TEST_HOST)";
				INFOPLIST_FILE = addButtonDynamicsTests/Info.plist;
				LD_RUNPATH_SEARCH_PATHS = "$(inherited) @executable_path/Frameworks @loader_path/Frameworks";
				PRODUCT_BUNDLE_IDENTIFIER = com.example.addButtonDynamicsTests;
				PRODUCT_NAME = "$(TARGET_NAME)";
				TEST_HOST = "$(BUILT_PRODUCTS_DIR)/addButtonDynamics.app/addButtonDynamics";
			};
			name = Debug;
		};
		9442B3CC1C04975B0016EE5B /* Release */ = {
			isa = XCBuildConfiguration;
			buildSettings = {
				BUNDLE_LOADER = "$(TEST_HOST)";
				INFOPLIST_FILE = addButtonDynamicsTests/Info.plist;
				LD_RUNPATH_SEARCH_PATHS = "$(inherited) @executable_path/Frameworks @loader_path/Frameworks";
				PRODUCT_BUNDLE_IDENTIFIER = com.example.addButtonDynamicsTests;
				PRODUCT_NAME = "$(TARGET_NAME)";
				TEST_HOST = "$(BUILT_PRODUCTS_DIR)/addButtonDynamics.app/addButtonDynamics";
			};
			name = Release;
		};
		9442B3CE1C04975B0016EE5B /* Debug */ = {
			isa = XCBuildConfiguration;
			buildSettings = {
				INFOPLIST_FILE = addButtonDynamicsUITests/Info.plist;
				LD_RUNPATH_SEARCH_PATHS = "$(inherited) @executable_path/Frameworks @loader_path/Frameworks";
				PRODUCT_BUNDLE_IDENTIFIER = com.example.addButtonDynamicsUITests;
				PRODUCT_NAME = "$(TARGET_NAME)";
				TEST_TARGET_NAME = addButtonDynamics;
				USES_XCTRUNNER = YES;
			};
			name = Debug;
		};
		9442B3CF1C04975B0016EE5B /* Release */ = {
			isa = XCBuildConfiguration;
			buildSettings = {
				INFOPLIST_FILE = addButtonDynamicsUITests/Info.plist;
				LD_RUNPATH_SEARCH_PATHS = "$(inherited) @executable_path/Frameworks @loader_path/Frameworks";
				PRODUCT_BUNDLE_IDENTIFIER = com.example.addButtonDynamicsUITests;
				PRODUCT_NAME = "$(TARGET_NAME)";
				TEST_TARGET_NAME = addButtonDynamics;
				USES_XCTRUNNER = YES;
			};
			name = Release;
		};
/* End XCBuildConfiguration section */

/* Begin XCConfigurationList section */
		9442B39A1C04975B0016EE5B /* Build configuration list for PBXProject "addButtonDynamics" */ = {
			isa = XCConfigurationList;
			buildConfigurations = (
				9442B3C51C04975B0016EE5B /* Debug */,
				9442B3C61C04975B0016EE5B /* Release */,
			);
			defaultConfigurationIsVisible = 0;
			defaultConfigurationName = Release;
		};
		9442B3C71C04975B0016EE5B /* Build configuration list for PBXNativeTarget "addButtonDynamics" */ = {
			isa = XCConfigurationList;
			buildConfigurations = (
				9442B3C81C04975B0016EE5B /* Debug */,
				9442B3C91C04975B0016EE5B /* Release */,
			);
			defaultConfigurationIsVisible = 0;
			defaultConfigurationName = Release;
		};
		9442B3CA1C04975B0016EE5B /* Build configuration list for PBXNativeTarget "addButtonDynamicsTests" */ = {
			isa = XCConfigurationList;
			buildConfigurations = (
				9442B3CB1C04975B0016EE5B /* Debug */,
				9442B3CC1C04975B0016EE5B /* Release */,
			);
			defaultConfigurationIsVisible = 0;
			defaultConfigurationName = Release;
		};
		9442B3CD1C04975B0016EE5B /* Build configuration list for PBXNativeTarget "addButtonDynamicsUITests" */ = {
			isa = XCConfigurationList;
			buildConfigurations = (
				9442B3CE1C04975B0016EE5B /* Debug */,
				9442B3CF1C04975B0016EE5B /* Release */,
			);
			defaultConfigurationIsVisible = 0;
			defaultConfigurationName = Release;
		};
/* End XCConfigurationList section */
	};
	rootObject = 9442B3971C04975B0016EE5B /* Project object */;
}
